// !$*UTF8*$!
{
	archiveVersion = 1;
	classes = {
	};
	objectVersion = 56;
	objects = {

/* Begin PBXBuildFile section */
		8E380AC82A2E571700F1590F /* PokemonViewModel.swift in Sources */ = {isa = PBXBuildFile; fileRef = 8E380AC72A2E571700F1590F /* PokemonViewModel.swift */; };
		8E380ACB2A2E5B6500F1590F /* Kingfisher in Frameworks */ = {isa = PBXBuildFile; productRef = 8E380ACA2A2E5B6500F1590F /* Kingfisher */; };
		8E3DED3F2A2E2D5E00FA7391 /* MVVM_PokedexApp.swift in Sources */ = {isa = PBXBuildFile; fileRef = 8E3DED3E2A2E2D5E00FA7391 /* MVVM_PokedexApp.swift */; };
		8E3DED412A2E2D5E00FA7391 /* ContentView.swift in Sources */ = {isa = PBXBuildFile; fileRef = 8E3DED402A2E2D5E00FA7391 /* ContentView.swift */; };
		8E3DED432A2E2D5F00FA7391 /* Assets.xcassets in Resources */ = {isa = PBXBuildFile; fileRef = 8E3DED422A2E2D5F00FA7391 /* Assets.xcassets */; };
		8E3DED462A2E2D5F00FA7391 /* Preview Assets.xcassets in Resources */ = {isa = PBXBuildFile; fileRef = 8E3DED452A2E2D5F00FA7391 /* Preview Assets.xcassets */; };
		8E3DED502A2E334100FA7391 /* PokemonCell.swift in Sources */ = {isa = PBXBuildFile; fileRef = 8E3DED4F2A2E334100FA7391 /* PokemonCell.swift */; };
		8E3DED522A2E36C000FA7391 /* PokedexView.swift in Sources */ = {isa = PBXBuildFile; fileRef = 8E3DED512A2E36C000FA7391 /* PokedexView.swift */; };
		8E3DED542A2E393600FA7391 /* Pokemon.swift in Sources */ = {isa = PBXBuildFile; fileRef = 8E3DED532A2E393600FA7391 /* Pokemon.swift */; };
/* End PBXBuildFile section */

/* Begin PBXFileReference section */
		8E380AC72A2E571700F1590F /* PokemonViewModel.swift */ = {isa = PBXFileReference; lastKnownFileType = sourcecode.swift; path = PokemonViewModel.swift; sourceTree = "<group>"; };
		8E3DED3B2A2E2D5E00FA7391 /* MVVM-Pokedex.app */ = {isa = PBXFileReference; explicitFileType = wrapper.application; includeInIndex = 0; path = "MVVM-Pokedex.app"; sourceTree = BUILT_PRODUCTS_DIR; };
		8E3DED3E2A2E2D5E00FA7391 /* MVVM_PokedexApp.swift */ = {isa = PBXFileReference; lastKnownFileType = sourcecode.swift; path = MVVM_PokedexApp.swift; sourceTree = "<group>"; };
		8E3DED402A2E2D5E00FA7391 /* ContentView.swift */ = {isa = PBXFileReference; lastKnownFileType = sourcecode.swift; path = ContentView.swift; sourceTree = "<group>"; };
		8E3DED422A2E2D5F00FA7391 /* Assets.xcassets */ = {isa = PBXFileReference; lastKnownFileType = folder.assetcatalog; path = Assets.xcassets; sourceTree = "<group>"; };
		8E3DED452A2E2D5F00FA7391 /* Preview Assets.xcassets */ = {isa = PBXFileReference; lastKnownFileType = folder.assetcatalog; path = "Preview Assets.xcassets"; sourceTree = "<group>"; };
		8E3DED4F2A2E334100FA7391 /* PokemonCell.swift */ = {isa = PBXFileReference; lastKnownFileType = sourcecode.swift; path = PokemonCell.swift; sourceTree = "<group>"; };
		8E3DED512A2E36C000FA7391 /* PokedexView.swift */ = {isa = PBXFileReference; lastKnownFileType = sourcecode.swift; path = PokedexView.swift; sourceTree = "<group>"; };
		8E3DED532A2E393600FA7391 /* Pokemon.swift */ = {isa = PBXFileReference; lastKnownFileType = sourcecode.swift; path = Pokemon.swift; sourceTree = "<group>"; };
/* End PBXFileReference section */

/* Begin PBXFrameworksBuildPhase section */
		8E3DED382A2E2D5E00FA7391 /* Frameworks */ = {
			isa = PBXFrameworksBuildPhase;
			buildActionMask = 2147483647;
			files = (
				8E380ACB2A2E5B6500F1590F /* Kingfisher in Frameworks */,
			);
			runOnlyForDeploymentPostprocessing = 0;
		};
/* End PBXFrameworksBuildPhase section */

/* Begin PBXGroup section */
		8E3DED322A2E2D5E00FA7391 = {
			isa = PBXGroup;
			children = (
				8E3DED3D2A2E2D5E00FA7391 /* MVVM-Pokedex */,
				8E3DED3C2A2E2D5E00FA7391 /* Products */,
			);
			sourceTree = "<group>";
		};
		8E3DED3C2A2E2D5E00FA7391 /* Products */ = {
			isa = PBXGroup;
			children = (
				8E3DED3B2A2E2D5E00FA7391 /* MVVM-Pokedex.app */,
			);
			name = Products;
			sourceTree = "<group>";
		};
		8E3DED3D2A2E2D5E00FA7391 /* MVVM-Pokedex */ = {
			isa = PBXGroup;
			children = (
				8E3DED4E2A2E330C00FA7391 /* ViewModel */,
				8E3DED4D2A2E330700FA7391 /* View */,
				8E3DED4C2A2E32F400FA7391 /* Model */,
				8E3DED3E2A2E2D5E00FA7391 /* MVVM_PokedexApp.swift */,
				8E3DED402A2E2D5E00FA7391 /* ContentView.swift */,
				8E3DED422A2E2D5F00FA7391 /* Assets.xcassets */,
				8E3DED442A2E2D5F00FA7391 /* Preview Content */,
			);
			path = "MVVM-Pokedex";
			sourceTree = "<group>";
		};
		8E3DED442A2E2D5F00FA7391 /* Preview Content */ = {
			isa = PBXGroup;
			children = (
				8E3DED452A2E2D5F00FA7391 /* Preview Assets.xcassets */,
			);
			path = "Preview Content";
			sourceTree = "<group>";
		};
		8E3DED4C2A2E32F400FA7391 /* Model */ = {
			isa = PBXGroup;
			children = (
				8E3DED532A2E393600FA7391 /* Pokemon.swift */,
			);
			path = Model;
			sourceTree = "<group>";
		};
		8E3DED4D2A2E330700FA7391 /* View */ = {
			isa = PBXGroup;
			children = (
				8E3DED4F2A2E334100FA7391 /* PokemonCell.swift */,
				8E3DED512A2E36C000FA7391 /* PokedexView.swift */,
			);
			path = View;
			sourceTree = "<group>";
		};
		8E3DED4E2A2E330C00FA7391 /* ViewModel */ = {
			isa = PBXGroup;
			children = (
				8E380AC72A2E571700F1590F /* PokemonViewModel.swift */,
			);
			path = ViewModel;
			sourceTree = "<group>";
		};
/* End PBXGroup section */

/* Begin PBXNativeTarget section */
		8E3DED3A2A2E2D5E00FA7391 /* MVVM-Pokedex */ = {
			isa = PBXNativeTarget;
			buildConfigurationList = 8E3DED492A2E2D5F00FA7391 /* Build configuration list for PBXNativeTarget "MVVM-Pokedex" */;
			buildPhases = (
				8E3DED372A2E2D5E00FA7391 /* Sources */,
				8E3DED382A2E2D5E00FA7391 /* Frameworks */,
				8E3DED392A2E2D5E00FA7391 /* Resources */,
			);
			buildRules = (
			);
			dependencies = (
			);
			name = "MVVM-Pokedex";
			packageProductDependencies = (
				8E380ACA2A2E5B6500F1590F /* Kingfisher */,
			);
			productName = "MVVM-Pokedex";
			productReference = 8E3DED3B2A2E2D5E00FA7391 /* MVVM-Pokedex.app */;
			productType = "com.apple.product-type.application";
		};
/* End PBXNativeTarget section */

/* Begin PBXProject section */
		8E3DED332A2E2D5E00FA7391 /* Project object */ = {
			isa = PBXProject;
			attributes = {
				BuildIndependentTargetsInParallel = 1;
				LastSwiftUpdateCheck = 1420;
				LastUpgradeCheck = 1420;
				TargetAttributes = {
					8E3DED3A2A2E2D5E00FA7391 = {
						CreatedOnToolsVersion = 14.2;
					};
				};
			};
			buildConfigurationList = 8E3DED362A2E2D5E00FA7391 /* Build configuration list for PBXProject "MVVM-Pokedex" */;
			compatibilityVersion = "Xcode 14.0";
			developmentRegion = en;
			hasScannedForEncodings = 0;
			knownRegions = (
				en,
				Base,
			);
			mainGroup = 8E3DED322A2E2D5E00FA7391;
			packageReferences = (
				8E380AC92A2E5B6500F1590F /* XCRemoteSwiftPackageReference "Kingfisher" */,
			);
			productRefGroup = 8E3DED3C2A2E2D5E00FA7391 /* Products */;
			projectDirPath = "";
			projectRoot = "";
			targets = (
				8E3DED3A2A2E2D5E00FA7391 /* MVVM-Pokedex */,
			);
		};
/* End PBXProject section */

/* Begin PBXResourcesBuildPhase section */
		8E3DED392A2E2D5E00FA7391 /* Resources */ = {
			isa = PBXResourcesBuildPhase;
			buildActionMask = 2147483647;
			files = (
				8E3DED462A2E2D5F00FA7391 /* Preview Assets.xcassets in Resources */,
				8E3DED432A2E2D5F00FA7391 /* Assets.xcassets in Resources */,
			);
			runOnlyForDeploymentPostprocessing = 0;
		};
/* End PBXResourcesBuildPhase section */

/* Begin PBXSourcesBuildPhase section */
		8E3DED372A2E2D5E00FA7391 /* Sources */ = {
			isa = PBXSourcesBuildPhase;
			buildActionMask = 2147483647;
			files = (
				8E3DED542A2E393600FA7391 /* Pokemon.swift in Sources */,
				8E3DED412A2E2D5E00FA7391 /* ContentView.swift in Sources */,
				8E380AC82A2E571700F1590F /* PokemonViewModel.swift in Sources */,
				8E3DED3F2A2E2D5E00FA7391 /* MVVM_PokedexApp.swift in Sources */,
				8E3DED502A2E334100FA7391 /* PokemonCell.swift in Sources */,
				8E3DED522A2E36C000FA7391 /* PokedexView.swift in Sources */,
			);
			runOnlyForDeploymentPostprocessing = 0;
		};
/* End PBXSourcesBuildPhase section */

/* Begin XCBuildConfiguration section */
		8E3DED472A2E2D5F00FA7391 /* Debug */ = {
			isa = XCBuildConfiguration;
			buildSettings = {
				ALWAYS_SEARCH_USER_PATHS = NO;
				CLANG_ANALYZER_NONNULL = YES;
				CLANG_ANALYZER_NUMBER_OBJECT_CONVERSION = YES_AGGRESSIVE;
				CLANG_CXX_LANGUAGE_STANDARD = "gnu++20";
				CLANG_ENABLE_MODULES = YES;
				CLANG_ENABLE_OBJC_ARC = YES;
				CLANG_ENABLE_OBJC_WEAK = YES;
				CLANG_WARN_BLOCK_CAPTURE_AUTORELEASING = YES;
				CLANG_WARN_BOOL_CONVERSION = YES;
				CLANG_WARN_COMMA = YES;
				CLANG_WARN_CONSTANT_CONVERSION = YES;
				CLANG_WARN_DEPRECATED_OBJC_IMPLEMENTATIONS = YES;
				CLANG_WARN_DIRECT_OBJC_ISA_USAGE = YES_ERROR;
				CLANG_WARN_DOCUMENTATION_COMMENTS = YES;
				CLANG_WARN_EMPTY_BODY = YES;
				CLANG_WARN_ENUM_CONVERSION = YES;
				CLANG_WARN_INFINITE_RECURSION = YES;
				CLANG_WARN_INT_CONVERSION = YES;
				CLANG_WARN_NON_LITERAL_NULL_CONVERSION = YES;
				CLANG_WARN_OBJC_IMPLICIT_RETAIN_SELF = YES;
				CLANG_WARN_OBJC_LITERAL_CONVERSION = YES;
				CLANG_WARN_OBJC_ROOT_CLASS = YES_ERROR;
				CLANG_WARN_QUOTED_INCLUDE_IN_FRAMEWORK_HEADER = YES;
				CLANG_WARN_RANGE_LOOP_ANALYSIS = YES;
				CLANG_WARN_STRICT_PROTOTYPES = YES;
				CLANG_WARN_SUSPICIOUS_MOVE = YES;
				CLANG_WARN_UNGUARDED_AVAILABILITY = YES_AGGRESSIVE;
				CLANG_WARN_UNREACHABLE_CODE = YES;
				CLANG_WARN__DUPLICATE_METHOD_MATCH = YES;
				COPY_PHASE_STRIP = NO;
				DEBUG_INFORMATION_FORMAT = dwarf;
				ENABLE_STRICT_OBJC_MSGSEND = YES;
				ENABLE_TESTABILITY = YES;
				GCC_C_LANGUAGE_STANDARD = gnu11;
				GCC_DYNAMIC_NO_PIC = NO;
				GCC_NO_COMMON_BLOCKS = YES;
				GCC_OPTIMIZATION_LEVEL = 0;
				GCC_PREPROCESSOR_DEFINITIONS = (
					"DEBUG=1",
					"$(inherited)",
				);
				GCC_WARN_64_TO_32_BIT_CONVERSION = YES;
				GCC_WARN_ABOUT_RETURN_TYPE = YES_ERROR;
				GCC_WARN_UNDECLARED_SELECTOR = YES;
				GCC_WARN_UNINITIALIZED_AUTOS = YES_AGGRESSIVE;
				GCC_WARN_UNUSED_FUNCTION = YES;
				GCC_WARN_UNUSED_VARIABLE = YES;
				IPHONEOS_DEPLOYMENT_TARGET = 16.2;
				MTL_ENABLE_DEBUG_INFO = INCLUDE_SOURCE;
				MTL_FAST_MATH = YES;
				ONLY_ACTIVE_ARCH = YES;
				SDKROOT = iphoneos;
				SWIFT_ACTIVE_COMPILATION_CONDITIONS = DEBUG;
				SWIFT_OPTIMIZATION_LEVEL = "-Onone";
			};
			name = Debug;
		};
		8E3DED482A2E2D5F00FA7391 /* Release */ = {
			isa = XCBuildConfiguration;
			buildSettings = {
				ALWAYS_SEARCH_USER_PATHS = NO;
				CLANG_ANALYZER_NONNULL = YES;
				CLANG_ANALYZER_NUMBER_OBJECT_CONVERSION = YES_AGGRESSIVE;
				CLANG_CXX_LANGUAGE_STANDARD = "gnu++20";
				CLANG_ENABLE_MODULES = YES;
				CLANG_ENABLE_OBJC_ARC = YES;
				CLANG_ENABLE_OBJC_WEAK = YES;
				CLANG_WARN_BLOCK_CAPTURE_AUTORELEASING = YES;
				CLANG_WARN_BOOL_CONVERSION = YES;
				CLANG_WARN_COMMA = YES;
				CLANG_WARN_CONSTANT_CONVERSION = YES;
				CLANG_WARN_DEPRECATED_OBJC_IMPLEMENTATIONS = YES;
				CLANG_WARN_DIRECT_OBJC_ISA_USAGE = YES_ERROR;
				CLANG_WARN_DOCUMENTATION_COMMENTS = YES;
				CLANG_WARN_EMPTY_BODY = YES;
				CLANG_WARN_ENUM_CONVERSION = YES;
				CLANG_WARN_INFINITE_RECURSION = YES;
				CLANG_WARN_INT_CONVERSION = YES;
				CLANG_WARN_NON_LITERAL_NULL_CONVERSION = YES;
				CLANG_WARN_OBJC_IMPLICIT_RETAIN_SELF = YES;
				CLANG_WARN_OBJC_LITERAL_CONVERSION = YES;
				CLANG_WARN_OBJC_ROOT_CLASS = YES_ERROR;
				CLANG_WARN_QUOTED_INCLUDE_IN_FRAMEWORK_HEADER = YES;
				CLANG_WARN_RANGE_LOOP_ANALYSIS = YES;
				CLANG_WARN_STRICT_PROTOTYPES = YES;
				CLANG_WARN_SUSPICIOUS_MOVE = YES;
				CLANG_WARN_UNGUARDED_AVAILABILITY = YES_AGGRESSIVE;
				CLANG_WARN_UNREACHABLE_CODE = YES;
				CLANG_WARN__DUPLICATE_METHOD_MATCH = YES;
				COPY_PHASE_STRIP = NO;
				DEBUG_INFORMATION_FORMAT = "dwarf-with-dsym";
				ENABLE_NS_ASSERTIONS = NO;
				ENABLE_STRICT_OBJC_MSGSEND = YES;
				GCC_C_LANGUAGE_STANDARD = gnu11;
				GCC_NO_COMMON_BLOCKS = YES;
				GCC_WARN_64_TO_32_BIT_CONVERSION = YES;
				GCC_WARN_ABOUT_RETURN_TYPE = YES_ERROR;
				GCC_WARN_UNDECLARED_SELECTOR = YES;
				GCC_WARN_UNINITIALIZED_AUTOS = YES_AGGRESSIVE;
				GCC_WARN_UNUSED_FUNCTION = YES;
				GCC_WARN_UNUSED_VARIABLE = YES;
				IPHONEOS_DEPLOYMENT_TARGET = 16.2;
				MTL_ENABLE_DEBUG_INFO = NO;
				MTL_FAST_MATH = YES;
				SDKROOT = iphoneos;
				SWIFT_COMPILATION_MODE = wholemodule;
				SWIFT_OPTIMIZATION_LEVEL = "-O";
				VALIDATE_PRODUCT = YES;
			};
			name = Release;
		};
		8E3DED4A2A2E2D5F00FA7391 /* Debug */ = {
			isa = XCBuildConfiguration;
			buildSettings = {
				ASSETCATALOG_COMPILER_APPICON_NAME = AppIcon;
				ASSETCATALOG_COMPILER_GLOBAL_ACCENT_COLOR_NAME = AccentColor;
				CODE_SIGN_STYLE = Automatic;
				CURRENT_PROJECT_VERSION = 1;
				DEVELOPMENT_ASSET_PATHS = "\"MVVM-Pokedex/Preview Content\"";
				DEVELOPMENT_TEAM = 7955T2ADT3;
				ENABLE_PREVIEWS = YES;
				GENERATE_INFOPLIST_FILE = YES;
				INFOPLIST_KEY_UIApplicationSceneManifest_Generation = YES;
				INFOPLIST_KEY_UIApplicationSupportsIndirectInputEvents = YES;
				INFOPLIST_KEY_UILaunchScreen_Generation = YES;
				INFOPLIST_KEY_UISupportedInterfaceOrientations_iPad = "UIInterfaceOrientationPortrait UIInterfaceOrientationPortraitUpsideDown UIInterfaceOrientationLandscapeLeft UIInterfaceOrientationLandscapeRight";
				INFOPLIST_KEY_UISupportedInterfaceOrientations_iPhone = "UIInterfaceOrientationPortrait UIInterfaceOrientationLandscapeLeft UIInterfaceOrientationLandscapeRight";
				LD_RUNPATH_SEARCH_PATHS = (
					"$(inherited)",
					"@executable_path/Frameworks",
				);
				MARKETING_VERSION = 1.0;
				PRODUCT_BUNDLE_IDENTIFIER = "JhoselBC.MVVM-Pokedex";
				PRODUCT_NAME = "$(TARGET_NAME)";
				SWIFT_EMIT_LOC_STRINGS = YES;
				SWIFT_VERSION = 5.0;
				TARGETED_DEVICE_FAMILY = "1,2";
			};
			name = Debug;
		};
		8E3DED4B2A2E2D5F00FA7391 /* Release */ = {
			isa = XCBuildConfiguration;
			buildSettings = {
				ASSETCATALOG_COMPILER_APPICON_NAME = AppIcon;
				ASSETCATALOG_COMPILER_GLOBAL_ACCENT_COLOR_NAME = AccentColor;
				CODE_SIGN_STYLE = Automatic;
				CURRENT_PROJECT_VERSION = 1;
				DEVELOPMENT_ASSET_PATHS = "\"MVVM-Pokedex/Preview Content\"";
				DEVELOPMENT_TEAM = 7955T2ADT3;
				ENABLE_PREVIEWS = YES;
				GENERATE_INFOPLIST_FILE = YES;
				INFOPLIST_KEY_UIApplicationSceneManifest_Generation = YES;
				INFOPLIST_KEY_UIApplicationSupportsIndirectInputEvents = YES;
				INFOPLIST_KEY_UILaunchScreen_Generation = YES;
				INFOPLIST_KEY_UISupportedInterfaceOrientations_iPad = "UIInterfaceOrientationPortrait UIInterfaceOrientationPortraitUpsideDown UIInterfaceOrientationLandscapeLeft UIInterfaceOrientationLandscapeRight";
				INFOPLIST_KEY_UISupportedInterfaceOrientations_iPhone = "UIInterfaceOrientationPortrait UIInterfaceOrientationLandscapeLeft UIInterfaceOrientationLandscapeRight";
				LD_RUNPATH_SEARCH_PATHS = (
					"$(inherited)",
					"@executable_path/Frameworks",
				);
				MARKETING_VERSION = 1.0;
				PRODUCT_BUNDLE_IDENTIFIER = "JhoselBC.MVVM-Pokedex";
				PRODUCT_NAME = "$(TARGET_NAME)";
				SWIFT_EMIT_LOC_STRINGS = YES;
				SWIFT_VERSION = 5.0;
				TARGETED_DEVICE_FAMILY = "1,2";
			};
			name = Release;
		};
/* End XCBuildConfiguration section */

/* Begin XCConfigurationList section */
		8E3DED362A2E2D5E00FA7391 /* Build configuration list for PBXProject "MVVM-Pokedex" */ = {
			isa = XCConfigurationList;
			buildConfigurations = (
				8E3DED472A2E2D5F00FA7391 /* Debug */,
				8E3DED482A2E2D5F00FA7391 /* Release */,
			);
			defaultConfigurationIsVisible = 0;
			defaultConfigurationName = Release;
		};
		8E3DED492A2E2D5F00FA7391 /* Build configuration list for PBXNativeTarget "MVVM-Pokedex" */ = {
			isa = XCConfigurationList;
			buildConfigurations = (
				8E3DED4A2A2E2D5F00FA7391 /* Debug */,
				8E3DED4B2A2E2D5F00FA7391 /* Release */,
			);
			defaultConfigurationIsVisible = 0;
			defaultConfigurationName = Release;
		};
/* End XCConfigurationList section */

/* Begin XCRemoteSwiftPackageReference section */
		8E380AC92A2E5B6500F1590F /* XCRemoteSwiftPackageReference "Kingfisher" */ = {
			isa = XCRemoteSwiftPackageReference;
			repositoryURL = "https://github.com/onevcat/Kingfisher.git";
			requirement = {
				kind = upToNextMajorVersion;
				minimumVersion = 7.0.0;
			};
		};
/* End XCRemoteSwiftPackageReference section */

/* Begin XCSwiftPackageProductDependency section */
		8E380ACA2A2E5B6500F1590F /* Kingfisher */ = {
			isa = XCSwiftPackageProductDependency;
			package = 8E380AC92A2E5B6500F1590F /* XCRemoteSwiftPackageReference "Kingfisher" */;
			productName = Kingfisher;
		};
/* End XCSwiftPackageProductDependency section */
	};
	rootObject = 8E3DED332A2E2D5E00FA7391 /* Project object */;
}
